
Microsoft Visual Studio Solution File, Format Version 12.00
# Visual Studio Version 17
VisualStudioVersion = 17.9.34728.123
MinimumVisualStudioVersion = 10.0.40219.1
Project("{9A19103F-16F7-4668-BE54-9A1E7A4F7556}") = "Melancholy", "Melancholy.csproj", "{EA04B490-3496-42C9-959A-985D6C9AA18E}"
EndProject
Global
	GlobalSection(SolutionConfigurationPlatforms) = preSolution
		Debug|Any CPU = Debug|Any CPU
		Release|Any CPU = Release|Any CPU
	EndGlobalSection
	GlobalSection(ProjectConfigurationPlatforms) = postSolution
		{EA04B490-3496-42C9-959A-985D6C9AA18E}.Debug|Any CPU.ActiveCfg = Debug|Any CPU
		{EA04B490-3496-42C9-959A-985D6C9AA18E}.Debug|Any CPU.Build.0 = Debug|Any CPU
		{EA04B490-3496-42C9-959A-985D6C9AA18E}.Release|Any CPU.ActiveCfg = Release|Any CPU
		{EA04B490-3496-42C9-959A-985D6C9AA18E}.Release|Any CPU.Build.0 = Release|Any CPU
	EndGlobalSection
	GlobalSection(SolutionProperties) = preSolution
		HideSolutionNode = FALSE
	EndGlobalSection
	GlobalSection(ExtensibilityGlobals) = postSolution
		SolutionGuid = {7E860D6A-AFED-47CA-A1AA-8557B1DEC360}
	EndGlobalSection
EndGlobal
